
Microsoft Visual Studio Solution File, Format Version 12.00
# Visual Studio 15
VisualStudioVersion = 15.0.27130.2027
MinimumVisualStudioVersion = 10.0.40219.1
Project("{888888A0-9F3D-457C-B088-3A5042F75D52}") = "Mars-Hack-Back-End", "Mars-Hack-Back-End\Mars-Hack-Back-End.pyproj", "{08D27156-0FCE-42B0-9FBD-C2A036E0D75C}"
EndProject
Global
	GlobalSection(SolutionConfigurationPlatforms) = preSolution
		Debug|Any CPU = Debug|Any CPU
		Release|Any CPU = Release|Any CPU
	EndGlobalSection
	GlobalSection(ProjectConfigurationPlatforms) = postSolution
		{08D27156-0FCE-42B0-9FBD-C2A036E0D75C}.Debug|Any CPU.ActiveCfg = Debug|Any CPU
		{08D27156-0FCE-42B0-9FBD-C2A036E0D75C}.Debug|Any CPU.Build.0 = Debug|Any CPU
		{08D27156-0FCE-42B0-9FBD-C2A036E0D75C}.Release|Any CPU.ActiveCfg = Release|Any CPU
		{08D27156-0FCE-42B0-9FBD-C2A036E0D75C}.Release|Any CPU.Build.0 = Release|Any CPU
	EndGlobalSection
	GlobalSection(SolutionProperties) = preSolution
		HideSolutionNode = FALSE
	EndGlobalSection
	GlobalSection(ExtensibilityGlobals) = postSolution
		SolutionGuid = {2D8C5F27-6C1B-4A04-8166-FAF9070699D5}
	EndGlobalSection
EndGlobal
